// !$*UTF8*$!
{
	archiveVersion = 1;
	classes = {
	};
	objectVersion = 50;
	objects = {

/* Begin PBXBuildFile section */
		629C307E21742FFC0001FBEB /* AppDelegate.swift in Sources */ = {isa = PBXBuildFile; fileRef = 629C307D21742FFC0001FBEB /* AppDelegate.swift */; };
		629C308021742FFC0001FBEB /* ViewController.swift in Sources */ = {isa = PBXBuildFile; fileRef = 629C307F21742FFC0001FBEB /* ViewController.swift */; };
		629C308321742FFC0001FBEB /* Main.storyboard in Resources */ = {isa = PBXBuildFile; fileRef = 629C308121742FFC0001FBEB /* Main.storyboard */; };
		629C308521742FFD0001FBEB /* Assets.xcassets in Resources */ = {isa = PBXBuildFile; fileRef = 629C308421742FFD0001FBEB /* Assets.xcassets */; };
		629C308821742FFD0001FBEB /* LaunchScreen.storyboard in Resources */ = {isa = PBXBuildFile; fileRef = 629C308621742FFD0001FBEB /* LaunchScreen.storyboard */; };
		629C3090217430DD0001FBEB /* RestApiManager.swift in Sources */ = {isa = PBXBuildFile; fileRef = 629C308F217430DD0001FBEB /* RestApiManager.swift */; };
		629C3092217433540001FBEB /* UserObject.swift in Sources */ = {isa = PBXBuildFile; fileRef = 629C3091217433540001FBEB /* UserObject.swift */; };
		DC6A375B6AB9E71E17A8D7E3 /* Pods_RESTAPIWithJsonTest.framework in Frameworks */ = {isa = PBXBuildFile; fileRef = B07C83646CA04932972CACD1 /* Pods_RESTAPIWithJsonTest.framework */; };
/* End PBXBuildFile section */

/* Begin PBXFileReference section */
		1DB2B1D922441EA7C64F7EF6 /* Pods-RESTAPIWithJsonTest.release.xcconfig */ = {isa = PBXFileReference; includeInIndex = 1; lastKnownFileType = text.xcconfig; name = "Pods-RESTAPIWithJsonTest.release.xcconfig"; path = "Pods/Target Support Files/Pods-RESTAPIWithJsonTest/Pods-RESTAPIWithJsonTest.release.xcconfig"; sourceTree = "<group>"; };
		629C307A21742FFC0001FBEB /* RESTAPIWithJsonTest.app */ = {isa = PBXFileReference; explicitFileType = wrapper.application; includeInIndex = 0; path = RESTAPIWithJsonTest.app; sourceTree = BUILT_PRODUCTS_DIR; };
		629C307D21742FFC0001FBEB /* AppDelegate.swift */ = {isa = PBXFileReference; lastKnownFileType = sourcecode.swift; path = AppDelegate.swift; sourceTree = "<group>"; };
		629C307F21742FFC0001FBEB /* ViewController.swift */ = {isa = PBXFileReference; lastKnownFileType = sourcecode.swift; path = ViewController.swift; sourceTree = "<group>"; };
		629C308221742FFC0001FBEB /* Base */ = {isa = PBXFileReference; lastKnownFileType = file.storyboard; name = Base; path = Base.lproj/Main.storyboard; sourceTree = "<group>"; };
		629C308421742FFD0001FBEB /* Assets.xcassets */ = {isa = PBXFileReference; lastKnownFileType = folder.assetcatalog; path = Assets.xcassets; sourceTree = "<group>"; };
		629C308721742FFD0001FBEB /* Base */ = {isa = PBXFileReference; lastKnownFileType = file.storyboard; name = Base; path = Base.lproj/LaunchScreen.storyboard; sourceTree = "<group>"; };
		629C308921742FFD0001FBEB /* Info.plist */ = {isa = PBXFileReference; lastKnownFileType = text.plist.xml; path = Info.plist; sourceTree = "<group>"; };
		629C308F217430DD0001FBEB /* RestApiManager.swift */ = {isa = PBXFileReference; lastKnownFileType = sourcecode.swift; path = RestApiManager.swift; sourceTree = "<group>"; };
		629C3091217433540001FBEB /* UserObject.swift */ = {isa = PBXFileReference; lastKnownFileType = sourcecode.swift; path = UserObject.swift; sourceTree = "<group>"; };
		8FA499E01522E9AFCC164645 /* Pods-RESTAPIWithJsonTest.debug.xcconfig */ = {isa = PBXFileReference; includeInIndex = 1; lastKnownFileType = text.xcconfig; name = "Pods-RESTAPIWithJsonTest.debug.xcconfig"; path = "Pods/Target Support Files/Pods-RESTAPIWithJsonTest/Pods-RESTAPIWithJsonTest.debug.xcconfig"; sourceTree = "<group>"; };
		B07C83646CA04932972CACD1 /* Pods_RESTAPIWithJsonTest.framework */ = {isa = PBXFileReference; explicitFileType = wrapper.framework; includeInIndex = 0; path = Pods_RESTAPIWithJsonTest.framework; sourceTree = BUILT_PRODUCTS_DIR; };
/* End PBXFileReference section */

/* Begin PBXFrameworksBuildPhase section */
		629C307721742FFC0001FBEB /* Frameworks */ = {
			isa = PBXFrameworksBuildPhase;
			buildActionMask = 2147483647;
			files = (
				DC6A375B6AB9E71E17A8D7E3 /* Pods_RESTAPIWithJsonTest.framework in Frameworks */,
			);
			runOnlyForDeploymentPostprocessing = 0;
		};
/* End PBXFrameworksBuildPhase section */

/* Begin PBXGroup section */
		629C307121742FFC0001FBEB = {
			isa = PBXGroup;
			children = (
				629C307C21742FFC0001FBEB /* RESTAPIWithJsonTest */,
				629C307B21742FFC0001FBEB /* Products */,
				A6DEB7B48C908EADD4E71947 /* Pods */,
				B7F51398A62F5F88A1F092AE /* Frameworks */,
			);
			sourceTree = "<group>";
		};
		629C307B21742FFC0001FBEB /* Products */ = {
			isa = PBXGroup;
			children = (
				629C307A21742FFC0001FBEB /* RESTAPIWithJsonTest.app */,
			);
			name = Products;
			sourceTree = "<group>";
		};
		629C307C21742FFC0001FBEB /* RESTAPIWithJsonTest */ = {
			isa = PBXGroup;
			children = (
				629C307D21742FFC0001FBEB /* AppDelegate.swift */,
				629C308F217430DD0001FBEB /* RestApiManager.swift */,
				629C3091217433540001FBEB /* UserObject.swift */,
				629C307F21742FFC0001FBEB /* ViewController.swift */,
				629C308121742FFC0001FBEB /* Main.storyboard */,
				629C308421742FFD0001FBEB /* Assets.xcassets */,
				629C308621742FFD0001FBEB /* LaunchScreen.storyboard */,
				629C308921742FFD0001FBEB /* Info.plist */,
			);
			path = RESTAPIWithJsonTest;
			sourceTree = "<group>";
		};
		A6DEB7B48C908EADD4E71947 /* Pods */ = {
			isa = PBXGroup;
			children = (
				8FA499E01522E9AFCC164645 /* Pods-RESTAPIWithJsonTest.debug.xcconfig */,
				1DB2B1D922441EA7C64F7EF6 /* Pods-RESTAPIWithJsonTest.release.xcconfig */,
			);
			name = Pods;
			sourceTree = "<group>";
		};
		B7F51398A62F5F88A1F092AE /* Frameworks */ = {
			isa = PBXGroup;
			children = (
				B07C83646CA04932972CACD1 /* Pods_RESTAPIWithJsonTest.framework */,
			);
			name = Frameworks;
			sourceTree = "<group>";
		};
/* End PBXGroup section */

/* Begin PBXNativeTarget section */
		629C307921742FFC0001FBEB /* RESTAPIWithJsonTest */ = {
			isa = PBXNativeTarget;
			buildConfigurationList = 629C308C21742FFD0001FBEB /* Build configuration list for PBXNativeTarget "RESTAPIWithJsonTest" */;
			buildPhases = (
				114BEEFA5F46DDA5BE64693A /* [CP] Check Pods Manifest.lock */,
				629C307621742FFC0001FBEB /* Sources */,
				629C307721742FFC0001FBEB /* Frameworks */,
				629C307821742FFC0001FBEB /* Resources */,
				287328CF7607690EFFA12C15 /* [CP] Embed Pods Frameworks */,
			);
			buildRules = (
			);
			dependencies = (
			);
			name = RESTAPIWithJsonTest;
			productName = RESTAPIWithJsonTest;
			productReference = 629C307A21742FFC0001FBEB /* RESTAPIWithJsonTest.app */;
			productType = "com.apple.product-type.application";
		};
/* End PBXNativeTarget section */

/* Begin PBXProject section */
		629C307221742FFC0001FBEB /* Project object */ = {
			isa = PBXProject;
			attributes = {
				LastSwiftUpdateCheck = 1000;
				LastUpgradeCheck = 1000;
				ORGANIZATIONNAME = "YOUNGSIC KIM";
				TargetAttributes = {
					629C307921742FFC0001FBEB = {
						CreatedOnToolsVersion = 10.0;
					};
				};
			};
			buildConfigurationList = 629C307521742FFC0001FBEB /* Build configuration list for PBXProject "RESTAPIWithJsonTest" */;
			compatibilityVersion = "Xcode 9.3";
			developmentRegion = en;
			hasScannedForEncodings = 0;
			knownRegions = (
				en,
				Base,
			);
			mainGroup = 629C307121742FFC0001FBEB;
			productRefGroup = 629C307B21742FFC0001FBEB /* Products */;
			projectDirPath = "";
			projectRoot = "";
			targets = (
				629C307921742FFC0001FBEB /* RESTAPIWithJsonTest */,
			);
		};
/* End PBXProject section */

/* Begin PBXResourcesBuildPhase section */
		629C307821742FFC0001FBEB /* Resources */ = {
			isa = PBXResourcesBuildPhase;
			buildActionMask = 2147483647;
			files = (
				629C308821742FFD0001FBEB /* LaunchScreen.storyboard in Resources */,
				629C308521742FFD0001FBEB /* Assets.xcassets in Resources */,
				629C308321742FFC0001FBEB /* Main.storyboard in Resources */,
			);
			runOnlyForDeploymentPostprocessing = 0;
		};
/* End PBXResourcesBuildPhase section */

/* Begin PBXShellScriptBuildPhase section */
		114BEEFA5F46DDA5BE64693A /* [CP] Check Pods Manifest.lock */ = {
			isa = PBXShellScriptBuildPhase;
			buildActionMask = 2147483647;
			files = (
			);
			inputFileListPaths = (
			);
			inputPaths = (
				"${PODS_PODFILE_DIR_PATH}/Podfile.lock",
				"${PODS_ROOT}/Manifest.lock",
			);
			name = "[CP] Check Pods Manifest.lock";
			outputFileListPaths = (
			);
			outputPaths = (
				"$(DERIVED_FILE_DIR)/Pods-RESTAPIWithJsonTest-checkManifestLockResult.txt",
			);
			runOnlyForDeploymentPostprocessing = 0;
			shellPath = /bin/sh;
			shellScript = "diff \"${PODS_PODFILE_DIR_PATH}/Podfile.lock\" \"${PODS_ROOT}/Manifest.lock\" > /dev/null\nif [ $? != 0 ] ; then\n    # print error to STDERR\n    echo \"error: The sandbox is not in sync with the Podfile.lock. Run 'pod install' or update your CocoaPods installation.\" >&2\n    exit 1\nfi\n# This output is used by Xcode 'outputs' to avoid re-running this script phase.\necho \"SUCCESS\" > \"${SCRIPT_OUTPUT_FILE_0}\"\n";
			showEnvVarsInLog = 0;
		};
		287328CF7607690EFFA12C15 /* [CP] Embed Pods Frameworks */ = {
			isa = PBXShellScriptBuildPhase;
			buildActionMask = 2147483647;
			files = (
			);
			inputFileListPaths = (
			);
			inputPaths = (
				"${SRCROOT}/Pods/Target Support Files/Pods-RESTAPIWithJsonTest/Pods-RESTAPIWithJsonTest-frameworks.sh",
				"${BUILT_PRODUCTS_DIR}/SwiftyJSON/SwiftyJSON.framework",
			);
			name = "[CP] Embed Pods Frameworks";
			outputFileListPaths = (
			);
			outputPaths = (
				"${TARGET_BUILD_DIR}/${FRAMEWORKS_FOLDER_PATH}/SwiftyJSON.framework",
			);
			runOnlyForDeploymentPostprocessing = 0;
			shellPath = /bin/sh;
			shellScript = "\"${SRCROOT}/Pods/Target Support Files/Pods-RESTAPIWithJsonTest/Pods-RESTAPIWithJsonTest-frameworks.sh\"\n";
			showEnvVarsInLog = 0;
		};
/* End PBXShellScriptBuildPhase section */

/* Begin PBXSourcesBuildPhase section */
		629C307621742FFC0001FBEB /* Sources */ = {
			isa = PBXSourcesBuildPhase;
			buildActionMask = 2147483647;
			files = (
				629C308021742FFC0001FBEB /* ViewController.swift in Sources */,
				629C3092217433540001FBEB /* UserObject.swift in Sources */,
				629C307E21742FFC0001FBEB /* AppDelegate.swift in Sources */,
				629C3090217430DD0001FBEB /* RestApiManager.swift in Sources */,
			);
			runOnlyForDeploymentPostprocessing = 0;
		};
/* End PBXSourcesBuildPhase section */

/* Begin PBXVariantGroup section */
		629C308121742FFC0001FBEB /* Main.storyboard */ = {
			isa = PBXVariantGroup;
			children = (
				629C308221742FFC0001FBEB /* Base */,
			);
			name = Main.storyboard;
			sourceTree = "<group>";
		};
		629C308621742FFD0001FBEB /* LaunchScreen.storyboard */ = {
			isa = PBXVariantGroup;
			children = (
				629C308721742FFD0001FBEB /* Base */,
			);
			name = LaunchScreen.storyboard;
			sourceTree = "<group>";
		};
/* End PBXVariantGroup section */

/* Begin XCBuildConfiguration section */
		629C308A21742FFD0001FBEB /* Debug */ = {
			isa = XCBuildConfiguration;
			buildSettings = {
				ALWAYS_SEARCH_USER_PATHS = NO;
				CLANG_ANALYZER_NONNULL = YES;
				CLANG_ANALYZER_NUMBER_OBJECT_CONVERSION = YES_AGGRESSIVE;
				CLANG_CXX_LANGUAGE_STANDARD = "gnu++14";
				CLANG_CXX_LIBRARY = "libc++";
				CLANG_ENABLE_MODULES = YES;
				CLANG_ENABLE_OBJC_ARC = YES;
				CLANG_ENABLE_OBJC_WEAK = YES;
				CLANG_WARN_BLOCK_CAPTURE_AUTORELEASING = YES;
				CLANG_WARN_BOOL_CONVERSION = YES;
				CLANG_WARN_COMMA = YES;
				CLANG_WARN_CONSTANT_CONVERSION = YES;
				CLANG_WARN_DEPRECATED_OBJC_IMPLEMENTATIONS = YES;
				CLANG_WARN_DIRECT_OBJC_ISA_USAGE = YES_ERROR;
				CLANG_WARN_DOCUMENTATION_COMMENTS = YES;
				CLANG_WARN_EMPTY_BODY = YES;
				CLANG_WARN_ENUM_CONVERSION = YES;
				CLANG_WARN_INFINITE_RECURSION = YES;
				CLANG_WARN_INT_CONVERSION = YES;
				CLANG_WARN_NON_LITERAL_NULL_CONVERSION = YES;
				CLANG_WARN_OBJC_IMPLICIT_RETAIN_SELF = YES;
				CLANG_WARN_OBJC_LITERAL_CONVERSION = YES;
				CLANG_WARN_OBJC_ROOT_CLASS = YES_ERROR;
				CLANG_WARN_RANGE_LOOP_ANALYSIS = YES;
				CLANG_WARN_STRICT_PROTOTYPES = YES;
				CLANG_WARN_SUSPICIOUS_MOVE = YES;
				CLANG_WARN_UNGUARDED_AVAILABILITY = YES_AGGRESSIVE;
				CLANG_WARN_UNREACHABLE_CODE = YES;
				CLANG_WARN__DUPLICATE_METHOD_MATCH = YES;
				CODE_SIGN_IDENTITY = "iPhone Developer";
				COPY_PHASE_STRIP = NO;
				DEBUG_INFORMATION_FORMAT = dwarf;
				ENABLE_STRICT_OBJC_MSGSEND = YES;
				ENABLE_TESTABILITY = YES;
				GCC_C_LANGUAGE_STANDARD = gnu11;
				GCC_DYNAMIC_NO_PIC = NO;
				GCC_NO_COMMON_BLOCKS = YES;
				GCC_OPTIMIZATION_LEVEL = 0;
				GCC_PREPROCESSOR_DEFINITIONS = (
					"DEBUG=1",
					"$(inherited)",
				);
				GCC_WARN_64_TO_32_BIT_CONVERSION = YES;
				GCC_WARN_ABOUT_RETURN_TYPE = YES_ERROR;
				GCC_WARN_UNDECLARED_SELECTOR = YES;
				GCC_WARN_UNINITIALIZED_AUTOS = YES_AGGRESSIVE;
				GCC_WARN_UNUSED_FUNCTION = YES;
				GCC_WARN_UNUSED_VARIABLE = YES;
				IPHONEOS_DEPLOYMENT_TARGET = 12.0;
				MTL_ENABLE_DEBUG_INFO = INCLUDE_SOURCE;
				MTL_FAST_MATH = YES;
				ONLY_ACTIVE_ARCH = YES;
				SDKROOT = iphoneos;
				SWIFT_ACTIVE_COMPILATION_CONDITIONS = DEBUG;
				SWIFT_OPTIMIZATION_LEVEL = "-Onone";
			};
			name = Debug;
		};
		629C308B21742FFD0001FBEB /* Release */ = {
			isa = XCBuildConfiguration;
			buildSettings = {
				ALWAYS_SEARCH_USER_PATHS = NO;
				CLANG_ANALYZER_NONNULL = YES;
				CLANG_ANALYZER_NUMBER_OBJECT_CONVERSION = YES_AGGRESSIVE;
				CLANG_CXX_LANGUAGE_STANDARD = "gnu++14";
				CLANG_CXX_LIBRARY = "libc++";
				CLANG_ENABLE_MODULES = YES;
				CLANG_ENABLE_OBJC_ARC = YES;
				CLANG_ENABLE_OBJC_WEAK = YES;
				CLANG_WARN_BLOCK_CAPTURE_AUTORELEASING = YES;
				CLANG_WARN_BOOL_CONVERSION = YES;
				CLANG_WARN_COMMA = YES;
				CLANG_WARN_CONSTANT_CONVERSION = YES;
				CLANG_WARN_DEPRECATED_OBJC_IMPLEMENTATIONS = YES;
				CLANG_WARN_DIRECT_OBJC_ISA_USAGE = YES_ERROR;
				CLANG_WARN_DOCUMENTATION_COMMENTS = YES;
				CLANG_WARN_EMPTY_BODY = YES;
				CLANG_WARN_ENUM_CONVERSION = YES;
				CLANG_WARN_INFINITE_RECURSION = YES;
				CLANG_WARN_INT_CONVERSION = YES;
				CLANG_WARN_NON_LITERAL_NULL_CONVERSION = YES;
				CLANG_WARN_OBJC_IMPLICIT_RETAIN_SELF = YES;
				CLANG_WARN_OBJC_LITERAL_CONVERSION = YES;
				CLANG_WARN_OBJC_ROOT_CLASS = YES_ERROR;
				CLANG_WARN_RANGE_LOOP_ANALYSIS = YES;
				CLANG_WARN_STRICT_PROTOTYPES = YES;
				CLANG_WARN_SUSPICIOUS_MOVE = YES;
				CLANG_WARN_UNGUARDED_AVAILABILITY = YES_AGGRESSIVE;
				CLANG_WARN_UNREACHABLE_CODE = YES;
				CLANG_WARN__DUPLICATE_METHOD_MATCH = YES;
				CODE_SIGN_IDENTITY = "iPhone Developer";
				COPY_PHASE_STRIP = NO;
				DEBUG_INFORMATION_FORMAT = "dwarf-with-dsym";
				ENABLE_NS_ASSERTIONS = NO;
				ENABLE_STRICT_OBJC_MSGSEND = YES;
				GCC_C_LANGUAGE_STANDARD = gnu11;
				GCC_NO_COMMON_BLOCKS = YES;
				GCC_WARN_64_TO_32_BIT_CONVERSION = YES;
				GCC_WARN_ABOUT_RETURN_TYPE = YES_ERROR;
				GCC_WARN_UNDECLARED_SELECTOR = YES;
				GCC_WARN_UNINITIALIZED_AUTOS = YES_AGGRESSIVE;
				GCC_WARN_UNUSED_FUNCTION = YES;
				GCC_WARN_UNUSED_VARIABLE = YES;
				IPHONEOS_DEPLOYMENT_TARGET = 12.0;
				MTL_ENABLE_DEBUG_INFO = NO;
				MTL_FAST_MATH = YES;
				SDKROOT = iphoneos;
				SWIFT_COMPILATION_MODE = wholemodule;
				SWIFT_OPTIMIZATION_LEVEL = "-O";
				VALIDATE_PRODUCT = YES;
			};
			name = Release;
		};
		629C308D21742FFD0001FBEB /* Debug */ = {
			isa = XCBuildConfiguration;
			baseConfigurationReference = 8FA499E01522E9AFCC164645 /* Pods-RESTAPIWithJsonTest.debug.xcconfig */;
			buildSettings = {
				ASSETCATALOG_COMPILER_APPICON_NAME = AppIcon;
				CODE_SIGN_STYLE = Automatic;
				INFOPLIST_FILE = RESTAPIWithJsonTest/Info.plist;
				LD_RUNPATH_SEARCH_PATHS = (
					"$(inherited)",
					"@executable_path/Frameworks",
				);
				PRODUCT_BUNDLE_IDENTIFIER = loydkim.RESTAPIWithJsonTest;
				PRODUCT_NAME = "$(TARGET_NAME)";
				SWIFT_VERSION = 4.2;
				TARGETED_DEVICE_FAMILY = "1,2";
			};
			name = Debug;
		};
		629C308E21742FFD0001FBEB /* Release */ = {
			isa = XCBuildConfiguration;
			baseConfigurationReference = 1DB2B1D922441EA7C64F7EF6 /* Pods-RESTAPIWithJsonTest.release.xcconfig */;
			buildSettings = {
				ASSETCATALOG_COMPILER_APPICON_NAME = AppIcon;
				CODE_SIGN_STYLE = Automatic;
				INFOPLIST_FILE = RESTAPIWithJsonTest/Info.plist;
				LD_RUNPATH_SEARCH_PATHS = (
					"$(inherited)",
					"@executable_path/Frameworks",
				);
				PRODUCT_BUNDLE_IDENTIFIER = loydkim.RESTAPIWithJsonTest;
				PRODUCT_NAME = "$(TARGET_NAME)";
				SWIFT_VERSION = 4.2;
				TARGETED_DEVICE_FAMILY = "1,2";
			};
			name = Release;
		};
/* End XCBuildConfiguration section */

/* Begin XCConfigurationList section */
		629C307521742FFC0001FBEB /* Build configuration list for PBXProject "RESTAPIWithJsonTest" */ = {
			isa = XCConfigurationList;
			buildConfigurations = (
				629C308A21742FFD0001FBEB /* Debug */,
				629C308B21742FFD0001FBEB /* Release */,
			);
			defaultConfigurationIsVisible = 0;
			defaultConfigurationName = Release;
		};
		629C308C21742FFD0001FBEB /* Build configuration list for PBXNativeTarget "RESTAPIWithJsonTest" */ = {
			isa = XCConfigurationList;
			buildConfigurations = (
				629C308D21742FFD0001FBEB /* Debug */,
				629C308E21742FFD0001FBEB /* Release */,
			);
			defaultConfigurationIsVisible = 0;
			defaultConfigurationName = Release;
		};
/* End XCConfigurationList section */
	};
	rootObject = 629C307221742FFC0001FBEB /* Project object */;
}
